{
  "name": "baxibrothers-root",
  "version": "1.0.0",
  "lockfileVersion": 3,
  "requires": true,
  "packages": {
    "": {
      "name": "baxibrothers-root",
      "version": "1.0.0",
      "license": "MIT",
      "devDependencies": {
        "concurrently": "^9.1.2",
        "cross-env": "^7.0.3",
        "dotenv-cli": "^8.0.0",
        "prettier": "^3.9.6",
        "typescript": "~5.9.3"
      }
    },
    "artifacts/api-server": {
      "version": "1.0.0",
      "extraneous": true,
      "dependencies": {
        "cors": "^2.8.5",
        "dotenv": "^16.4.5",
        "express": "^4.19.2",
        "pg": "^8.11.5",
        "pino": "^9.1.0",
        "pino-http": "^10.1.0",
        "zod": "^3.23.8"
      },
      "devDependencies": {
        "@types/cors": "^2.8.17",
        "@types/express": "^4.17.21",
        "@types/node": "^20.12.12",
        "@types/pg": "^8.11.6",
        "tsconfig-paths": "^4.2.0",
        "tsx": "^4.10.5",
        "typescript": "^5.4.5"
      }
    },
    "artifacts/baxi-brothers": {
      "name": "frontend",
      "version": "1.0.0",
      "extraneous": true,
      "dependencies": {
        "@tanstack/react-query": "^5.36.0",
        "clsx": "^2.1.1",
        "lucide-react": "^0.378.0",
        "react": "^18.3.1",
        "react-dom": "^18.3.1",
        "tailwind-merge": "^2.3.0",
        "wouter": "^3.1.2"
      },
      "devDependencies": {
        "@tailwindcss/typography": "^0.5.20",
        "@tailwindcss/vite": "^4.3.3",
        "@vitejs/plugin-react": "^4.2.1",
        "autoprefixer": "^10.4.19",
        "postcss": "^8.4.38",
        "tailwindcss": "^4.3.3",
        "typescript": "^5.4.5",
        "vite": "^5.2.11"
      }
    },
    "artifacts/mockup-sandbox": {
      "name": "@workspace/mockup-sandbox",
      "version": "2.0.0",
      "extraneous": true,
      "devDependencies": {
        "@hookform/resolvers": "^3.10.0",
        "@radix-ui/react-accordion": "^1.2.20",
        "@radix-ui/react-alert-dialog": "^1.1.23",
        "@radix-ui/react-aspect-ratio": "^1.1.15",
        "@radix-ui/react-avatar": "^1.2.6",
        "@radix-ui/react-checkbox": "^1.3.11",
        "@radix-ui/react-collapsible": "^1.1.20",
        "@radix-ui/react-context-menu": "^2.3.7",
        "@radix-ui/react-dialog": "^1.1.23",
        "@radix-ui/react-dropdown-menu": "^2.1.24",
        "@radix-ui/react-hover-card": "^1.1.23",
        "@radix-ui/react-label": "^2.1.15",
        "@radix-ui/react-menubar": "^1.1.24",
        "@radix-ui/react-navigation-menu": "^1.2.22",
        "@radix-ui/react-popover": "^1.1.23",
        "@radix-ui/react-progress": "^1.1.16",
        "@radix-ui/react-radio-group": "^1.4.7",
        "@radix-ui/react-scroll-area": "^1.2.18",
        "@radix-ui/react-select": "^2.3.7",
        "@radix-ui/react-separator": "^1.1.15",
        "@radix-ui/react-slider": "^1.4.7",
        "@radix-ui/react-slot": "^1.3.3",
        "@radix-ui/react-switch": "^1.3.7",
        "@radix-ui/react-tabs": "^1.1.21",
        "@radix-ui/react-toast": "^1.2.23",
        "@radix-ui/react-toggle": "^1.1.18",
        "@radix-ui/react-toggle-group": "^1.1.19",
        "@radix-ui/react-tooltip": "^1.2.16",
        "@replit/vite-plugin-cartographer": "*",
        "@replit/vite-plugin-runtime-error-modal": "*",
        "@tailwindcss/vite": "^4.0.0",
        "@types/node": "^22.0.0",
        "@types/react": "^18.3.0",
        "@types/react-dom": "^18.3.0",
        "@vitejs/plugin-react": "^4.3.0",
        "chokidar": "^4.0.3",
        "class-variance-authority": "^0.7.0",
        "clsx": "^2.1.1",
        "cmdk": "^1.1.1",
        "date-fns": "^3.6.0",
        "embla-carousel-react": "^8.6.0",
        "fast-glob": "^3.3.3",
        "framer-motion": "^11.0.0",
        "input-otp": "^1.4.2",
        "lucide-react": "*",
        "next-themes": "^0.4.6",
        "react": "^18.3.0",
        "react-day-picker": "^9.14.0",
        "react-dom": "^18.3.0",
        "react-hook-form": "^7.83.0",
        "react-resizable-panels": "^2.1.9",
        "recharts": "^2.15.4",
        "sonner": "^2.0.7",
        "tailwind-merge": "^2.5.0",
        "tailwindcss": "^4.0.0",
        "tailwindcss-animate": "^1.0.7",
        "tw-animate-css": "^1.4.0",
        "vaul": "^1.1.2",
        "vite": "^5.4.0",
        "zod": "^3.23.0"
      }
    },
    "node_modules/ansi-regex": {
      "version": "5.0.1",
      "dev": true,
      "license": "MIT",
      "engines": {
        "node": ">=8"
      }
    },
    "node_modules/ansi-styles": {
      "version": "4.3.0",
      "dev": true,
      "license": "MIT",
      "dependencies": {
        "color-convert": "^2.0.1"
      },
      "engines": {
        "node": ">=8"
      },
      "funding": {
        "url": "https://github.com/chalk/ansi-styles?sponsor=1"
      }
    },
    "node_modules/chalk": {
      "version": "4.1.2",
      "dev": true,
      "license": "MIT",
      "dependencies": {
        "ansi-styles": "^4.1.0",
        "supports-color": "^7.1.0"
      },
      "engines": {
        "node": ">=10"
      },
      "funding": {
        "url": "https://github.com/chalk/chalk?sponsor=1"
      }
    },
    "node_modules/chalk/node_modules/supports-color": {
      "version": "7.2.0",
      "dev": true,
      "license": "MIT",
      "dependencies": {
        "has-flag": "^4.0.0"
      },
      "engines": {
        "node": ">=8"
      }
    },
    "node_modules/cliui": {
      "version": "8.0.1",
      "dev": true,
      "license": "ISC",
      "dependencies": {
        "string-width": "^4.2.0",
        "strip-ansi": "^6.0.1",
        "wrap-ansi": "^7.0.0"
      },
      "engines": {
        "node": ">=12"
      }
    },
    "node_modules/color-convert": {
      "version": "2.0.1",
      "dev": true,
      "license": "MIT",
      "dependencies": {
        "color-name": "~1.1.4"
      },
      "engines": {
        "node": ">=7.0.0"
      }
    },
    "node_modules/color-name": {
      "version": "1.1.4",
      "dev": true,
      "license": "MIT"
    },
    "node_modules/concurrently": {
      "version": "9.2.4",
      "dev": true,
      "license": "MIT",
      "dependencies": {
        "chalk": "4.1.2",
        "rxjs": "7.8.2",
        "shell-quote": "1.9.0",
        "supports-color": "8.1.1",
        "tree-kill": "1.2.2",
        "yargs": "17.7.2"
      },
      "bin": {
        "conc": "dist/bin/concurrently.js",
        "concurrently": "dist/bin/concurrently.js"
      },
      "engines": {
        "node": ">=18"
      },
      "funding": {
        "url": "https://github.com/open-cli-tools/concurrently?sponsor=1"
      }
    },
    "node_modules/cross-env": {
      "version": "7.0.3",
      "dev": true,
      "license": "MIT",
      "dependencies": {
        "cross-spawn": "^7.0.1"
      },
      "bin": {
        "cross-env": "src/bin/cross-env.js",
        "cross-env-shell": "src/bin/cross-env-shell.js"
      },
      "engines": {
        "node": ">=10.14",
        "npm": ">=6",
        "yarn": ">=1"
      }
    },
    "node_modules/cross-spawn": {
      "version": "7.0.6",
      "dev": true,
      "license": "MIT",
      "dependencies": {
        "path-key": "^3.1.0",
        "shebang-command": "^2.0.0",
        "which": "^2.0.1"
      },
      "engines": {
        "node": ">= 8"
      }
    },
    "node_modules/dotenv": {
      "version": "16.6.1",
      "dev": true,
      "license": "BSD-2-Clause",
      "engines": {
        "node": ">=12"
      },
      "funding": {
        "url": "https://dotenvx.com"
      }
    },
    "node_modules/dotenv-cli": {
      "version": "8.0.0",
      "dev": true,
      "license": "MIT",
      "dependencies": {
        "cross-spawn": "^7.0.6",
        "dotenv": "^16.3.0",
        "dotenv-expand": "^10.0.0",
        "minimist": "^1.2.6"
      },
      "bin": {
        "dotenv": "cli.js"
      }
    },
    "node_modules/dotenv-expand": {
      "version": "10.0.0",
      "dev": true,
      "license": "BSD-2-Clause",
      "engines": {
        "node": ">=12"
      }
    },
    "node_modules/emoji-regex": {
      "version": "8.0.0",
      "dev": true,
      "license": "MIT"
    },
    "node_modules/escalade": {
      "version": "3.2.0",
      "dev": true,
      "license": "MIT",
      "engines": {
        "node": ">=6"
      }
    },
    "node_modules/get-caller-file": {
      "version": "2.0.5",
      "dev": true,
      "license": "ISC",
      "engines": {
        "node": "6.* || 8.* || >= 10.*"
      }
    },
    "node_modules/has-flag": {
      "version": "4.0.0",
      "dev": true,
      "license": "MIT",
      "engines": {
        "node": ">=8"
      }
    },
    "node_modules/is-fullwidth-code-point": {
      "version": "3.0.0",
      "dev": true,
      "license": "MIT",
      "engines": {
        "node": ">=8"
      }
    },
    "node_modules/isexe": {
      "version": "2.0.0",
      "dev": true,
      "license": "ISC"
    },
    "node_modules/minimist": {
      "version": "1.2.8",
      "dev": true,
      "license": "MIT",
      "funding": {
        "url": "https://github.com/sponsors/ljharb"
      }
    },
    "node_modules/path-key": {
      "version": "3.1.1",
      "dev": true,
      "license": "MIT",
      "engines": {
        "node": ">=8"
      }
    },
    "node_modules/prettier": {
      "version": "3.9.6",
      "dev": true,
      "license": "MIT",
      "bin": {
        "prettier": "bin/prettier.cjs"
      },
      "engines": {
        "node": ">=14"
      },
      "funding": {
        "url": "https://github.com/prettier/prettier?sponsor=1"
      }
    },
    "node_modules/require-directory": {
      "version": "2.1.1",
      "dev": true,
      "license": "MIT",
      "engines": {
        "node": ">=0.10.0"
      }
    },
    "node_modules/rxjs": {
      "version": "7.8.2",
      "dev": true,
      "license": "Apache-2.0",
      "dependencies": {
        "tslib": "^2.1.0"
      }
    },
    "node_modules/shebang-command": {
      "version": "2.0.0",
      "dev": true,
      "license": "MIT",
      "dependencies": {
        "shebang-regex": "^3.0.0"
      },
      "engines": {
        "node": ">=8"
      }
    },
    "node_modules/shebang-regex": {
      "version": "3.0.0",
      "dev": true,
      "license": "MIT",
      "engines": {
        "node": ">=8"
      }
    },
    "node_modules/shell-quote": {
      "version": "1.9.0",
      "dev": true,
      "license": "MIT",
      "engines": {
        "node": ">= 0.4"
      },
      "funding": {
        "url": "https://github.com/sponsors/ljharb"
      }
    },
    "node_modules/string-width": {
      "version": "4.2.3",
      "dev": true,
      "license": "MIT",
      "dependencies": {
        "emoji-regex": "^8.0.0",
        "is-fullwidth-code-point": "^3.0.0",
        "strip-ansi": "^6.0.1"
      },
      "engines": {
        "node": ">=8"
      }
    },
    "node_modules/strip-ansi": {
      "version": "6.0.1",
      "dev": true,
      "license": "MIT",
      "dependencies": {
        "ansi-regex": "^5.0.1"
      },
      "engines": {
        "node": ">=8"
      }
    },
    "node_modules/supports-color": {
      "version": "8.1.1",
      "dev": true,
      "license": "MIT",
      "dependencies": {
        "has-flag": "^4.0.0"
      },
      "engines": {
        "node": ">=10"
      },
      "funding": {
        "url": "https://github.com/chalk/supports-color?sponsor=1"
      }
    },
    "node_modules/tree-kill": {
      "version": "1.2.2",
      "dev": true,
      "license": "MIT",
      "bin": {
        "tree-kill": "cli.js"
      }
    },
    "node_modules/tslib": {
      "version": "2.8.1",
      "dev": true,
      "license": "0BSD"
    },
    "node_modules/typescript": {
      "version": "5.9.3",
      "dev": true,
      "license": "Apache-2.0",
      "bin": {
        "tsc": "bin/tsc",
        "tsserver": "bin/tsserver"
      },
      "engines": {
        "node": ">=14.17"
      }
    },
    "node_modules/which": {
      "version": "2.0.2",
      "dev": true,
      "license": "ISC",
      "dependencies": {
        "isexe": "^2.0.0"
      },
      "bin": {
        "node-which": "bin/node-which"
      },
      "engines": {
        "node": ">= 8"
      }
    },
    "node_modules/wrap-ansi": {
      "version": "7.0.0",
      "dev": true,
      "license": "MIT",
      "dependencies": {
        "ansi-styles": "^4.0.0",
        "string-width": "^4.1.0",
        "strip-ansi": "^6.0.0"
      },
      "engines": {
        "node": ">=10"
      },
      "funding": {
        "url": "https://github.com/chalk/wrap-ansi?sponsor=1"
      }
    },
    "node_modules/y18n": {
      "version": "5.0.8",
      "dev": true,
      "license": "ISC",
      "engines": {
        "node": ">=10"
      }
    },
    "node_modules/yargs": {
      "version": "17.7.2",
      "dev": true,
      "license": "MIT",
      "dependencies": {
        "cliui": "^8.0.1",
        "escalade": "^3.1.1",
        "get-caller-file": "^2.0.5",
        "require-directory": "^2.1.1",
        "string-width": "^4.2.3",
        "y18n": "^5.0.5",
        "yargs-parser": "^21.1.1"
      },
      "engines": {
        "node": ">=12"
      }
    },
    "node_modules/yargs-parser": {
      "version": "21.1.1",
      "dev": true,
      "license": "ISC",
      "engines": {
        "node": ">=12"
      }
    },
    "scripts": {
      "name": "@workspace/scripts",
      "version": "1.0.0",
      "extraneous": true,
      "devDependencies": {
        "@types/node": "^22.0.0",
        "tsx": "^4.19.0"
      }
    }
  }
}
